// !$*UTF8*$!
{
	archiveVersion = 1;
	classes = {
	};
	objectVersion = 46;
	objects = {

/* Begin PBXBuildFile section */
		1634EDE21B162892001F7456 /* A181391.swift in Sources */ = {isa = PBXBuildFile; fileRef = 1634EDE11B162892001F7456 /* A181391.swift */; };
		1634EDE61B162946001F7456 /* IntegerSequence.swift in Sources */ = {isa = PBXBuildFile; fileRef = 1634EDE51B162946001F7456 /* IntegerSequence.swift */; };
		1634EDE71B162BC6001F7456 /* LargeNumbers.framework in Frameworks */ = {isa = PBXBuildFile; fileRef = 1634EDDB1B1615A7001F7456 /* LargeNumbers.framework */; };
		1634EDE91B163962001F7456 /* Protocols.swift in Sources */ = {isa = PBXBuildFile; fileRef = 1634EDE81B163962001F7456 /* Protocols.swift */; };
		164749B01B15937600B01DAD /* Images.xcassets in Resources */ = {isa = PBXBuildFile; fileRef = 164749AF1B15937600B01DAD /* Images.xcassets */; };
		164749B31B15937600B01DAD /* MainMenu.xib in Resources */ = {isa = PBXBuildFile; fileRef = 164749B11B15937600B01DAD /* MainMenu.xib */; };
		164749BF1B15937600B01DAD /* SequencesTests.swift in Sources */ = {isa = PBXBuildFile; fileRef = 164749BE1B15937600B01DAD /* SequencesTests.swift */; };
		164749C61B15937D00B01DAD /* main.swift in Sources */ = {isa = PBXBuildFile; fileRef = 16EFC8881B10BA06004F3443 /* main.swift */; };
		169831821B17668600E70B2F /* A000040.swift in Sources */ = {isa = PBXBuildFile; fileRef = 169831811B17668600E70B2F /* A000040.swift */; };
		169831861B17871200E70B2F /* A121805.swift in Sources */ = {isa = PBXBuildFile; fileRef = 169831851B17871200E70B2F /* A121805.swift */; };
		16CEFF351B165F270064A622 /* A000002.swift in Sources */ = {isa = PBXBuildFile; fileRef = 16CEFF341B165F270064A622 /* A000002.swift */; };
		16CEFF371B1668D50064A622 /* A244471.swift in Sources */ = {isa = PBXBuildFile; fileRef = 16CEFF361B1668D50064A622 /* A244471.swift */; };
		16CEFF391B1669710064A622 /* sequence_template in Resources */ = {isa = PBXBuildFile; fileRef = 16CEFF381B1669710064A622 /* sequence_template */; };
		16CEFF3B1B166D090064A622 /* Functions.swift in Sources */ = {isa = PBXBuildFile; fileRef = 16CEFF3A1B166D090064A622 /* Functions.swift */; };
		16CF8E7F1B1755AF005AB3E1 /* A056239.swift in Sources */ = {isa = PBXBuildFile; fileRef = 16CF8E7E1B1755AF005AB3E1 /* A056239.swift */; };
		16EE79F71B17BF370071F863 /* BasicSequencePrinter.swift in Sources */ = {isa = PBXBuildFile; fileRef = 16EE79F61B17BF370071F863 /* BasicSequencePrinter.swift */; };
		16EE79F91B17CE730071F863 /* A000045.swift in Sources */ = {isa = PBXBuildFile; fileRef = 16EE79F81B17CE730071F863 /* A000045.swift */; };
		16EE79FB1B17D6650071F863 /* A001057.swift in Sources */ = {isa = PBXBuildFile; fileRef = 16EE79FA1B17D6650071F863 /* A001057.swift */; };
		16FE9CEA1B174E580015CC76 /* A004718.swift in Sources */ = {isa = PBXBuildFile; fileRef = 16FE9CE91B174E580015CC76 /* A004718.swift */; };
/* End PBXBuildFile section */

/* Begin PBXContainerItemProxy section */
		164749B91B15937600B01DAD /* PBXContainerItemProxy */ = {
			isa = PBXContainerItemProxy;
			containerPortal = 16EFC87D1B10BA06004F3443 /* Project object */;
			proxyType = 1;
			remoteGlobalIDString = 164749A81B15937600B01DAD;
			remoteInfo = Sequences;
		};
/* End PBXContainerItemProxy section */

/* Begin PBXFileReference section */
		1634EDDB1B1615A7001F7456 /* LargeNumbers.framework */ = {isa = PBXFileReference; lastKnownFileType = wrapper.framework; name = LargeNumbers.framework; path = "/Users/Skinkan/Library/Developer/Xcode/DerivedData/Sequences-avjhzrvmeykgyucylzurdfhczjzz/Build/Products/Debug/LargeNumbers.framework"; sourceTree = "<absolute>"; };
		1634EDE11B162892001F7456 /* A181391.swift */ = {isa = PBXFileReference; fileEncoding = 4; lastKnownFileType = sourcecode.swift; path = A181391.swift; sourceTree = "<group>"; };
		1634EDE51B162946001F7456 /* IntegerSequence.swift */ = {isa = PBXFileReference; fileEncoding = 4; lastKnownFileType = sourcecode.swift; name = IntegerSequence.swift; path = Common/IntegerSequence.swift; sourceTree = "<group>"; };
		1634EDE81B163962001F7456 /* Protocols.swift */ = {isa = PBXFileReference; fileEncoding = 4; lastKnownFileType = sourcecode.swift; name = Protocols.swift; path = Common/Protocols.swift; sourceTree = "<group>"; };
		164749A91B15937600B01DAD /* Sequences.app */ = {isa = PBXFileReference; explicitFileType = wrapper.application; includeInIndex = 0; path = Sequences.app; sourceTree = BUILT_PRODUCTS_DIR; };
		164749AC1B15937600B01DAD /* Info.plist */ = {isa = PBXFileReference; lastKnownFileType = text.plist.xml; path = Info.plist; sourceTree = "<group>"; };
		164749AD1B15937600B01DAD /* AppDelegate.swift */ = {isa = PBXFileReference; lastKnownFileType = sourcecode.swift; name = AppDelegate.swift; path = Sequences/AppDelegate.swift; sourceTree = "<group>"; };
		164749AF1B15937600B01DAD /* Images.xcassets */ = {isa = PBXFileReference; lastKnownFileType = folder.assetcatalog; path = Images.xcassets; sourceTree = "<group>"; };
		164749B21B15937600B01DAD /* Base */ = {isa = PBXFileReference; lastKnownFileType = file.xib; name = Base; path = Base.lproj/MainMenu.xib; sourceTree = "<group>"; };
		164749B81B15937600B01DAD /* SequencesTests.xctest */ = {isa = PBXFileReference; explicitFileType = wrapper.cfbundle; includeInIndex = 0; path = SequencesTests.xctest; sourceTree = BUILT_PRODUCTS_DIR; };
		164749BD1B15937600B01DAD /* Info.plist */ = {isa = PBXFileReference; lastKnownFileType = text.plist.xml; path = Info.plist; sourceTree = "<group>"; };
		164749BE1B15937600B01DAD /* SequencesTests.swift */ = {isa = PBXFileReference; lastKnownFileType = sourcecode.swift; path = SequencesTests.swift; sourceTree = "<group>"; };
		169831811B17668600E70B2F /* A000040.swift */ = {isa = PBXFileReference; fileEncoding = 4; lastKnownFileType = sourcecode.swift; path = A000040.swift; sourceTree = "<group>"; };
		169831851B17871200E70B2F /* A121805.swift */ = {isa = PBXFileReference; fileEncoding = 4; lastKnownFileType = sourcecode.swift; path = A121805.swift; sourceTree = "<group>"; };
		16CEFF341B165F270064A622 /* A000002.swift */ = {isa = PBXFileReference; fileEncoding = 4; lastKnownFileType = sourcecode.swift; path = A000002.swift; sourceTree = "<group>"; };
		16CEFF361B1668D50064A622 /* A244471.swift */ = {isa = PBXFileReference; fileEncoding = 4; lastKnownFileType = sourcecode.swift; path = A244471.swift; sourceTree = "<group>"; };
		16CEFF381B1669710064A622 /* sequence_template */ = {isa = PBXFileReference; fileEncoding = 4; lastKnownFileType = text; path = sequence_template; sourceTree = "<group>"; };
		16CEFF3A1B166D090064A622 /* Functions.swift */ = {isa = PBXFileReference; fileEncoding = 4; lastKnownFileType = sourcecode.swift; path = Functions.swift; sourceTree = "<group>"; };
		16CF8E7E1B1755AF005AB3E1 /* A056239.swift */ = {isa = PBXFileReference; fileEncoding = 4; lastKnownFileType = sourcecode.swift; path = A056239.swift; sourceTree = "<group>"; };
		16EE79F61B17BF370071F863 /* BasicSequencePrinter.swift */ = {isa = PBXFileReference; fileEncoding = 4; lastKnownFileType = sourcecode.swift; path = BasicSequencePrinter.swift; sourceTree = "<group>"; };
		16EE79F81B17CE730071F863 /* A000045.swift */ = {isa = PBXFileReference; fileEncoding = 4; lastKnownFileType = sourcecode.swift; path = A000045.swift; sourceTree = "<group>"; };
		16EE79FA1B17D6650071F863 /* A001057.swift */ = {isa = PBXFileReference; fileEncoding = 4; lastKnownFileType = sourcecode.swift; path = A001057.swift; sourceTree = "<group>"; };
		16EFC8881B10BA06004F3443 /* main.swift */ = {isa = PBXFileReference; lastKnownFileType = sourcecode.swift; path = main.swift; sourceTree = "<group>"; };
		16FE9CE91B174E580015CC76 /* A004718.swift */ = {isa = PBXFileReference; fileEncoding = 4; lastKnownFileType = sourcecode.swift; path = A004718.swift; sourceTree = "<group>"; };
/* End PBXFileReference section */

/* Begin PBXFrameworksBuildPhase section */
		164749A61B15937600B01DAD /* Frameworks */ = {
			isa = PBXFrameworksBuildPhase;
			buildActionMask = 2147483647;
			files = (
				1634EDE71B162BC6001F7456 /* LargeNumbers.framework in Frameworks */,
			);
			runOnlyForDeploymentPostprocessing = 0;
		};
		164749B51B15937600B01DAD /* Frameworks */ = {
			isa = PBXFrameworksBuildPhase;
			buildActionMask = 2147483647;
			files = (
			);
			runOnlyForDeploymentPostprocessing = 0;
		};
/* End PBXFrameworksBuildPhase section */

/* Begin PBXGroup section */
		1634EDE31B1628BF001F7456 /* Frameworks */ = {
			isa = PBXGroup;
			children = (
				1634EDDB1B1615A7001F7456 /* LargeNumbers.framework */,
			);
			name = Frameworks;
			sourceTree = "<group>";
		};
		1634EDE41B1628F8001F7456 /* Common */ = {
			isa = PBXGroup;
			children = (
				16CEFF3A1B166D090064A622 /* Functions.swift */,
				1634EDE81B163962001F7456 /* Protocols.swift */,
			);
			name = Common;
			sourceTree = "<group>";
		};
		164749AA1B15937600B01DAD /* Application */ = {
			isa = PBXGroup;
			children = (
				164749AF1B15937600B01DAD /* Images.xcassets */,
				164749B11B15937600B01DAD /* MainMenu.xib */,
				164749AB1B15937600B01DAD /* Supporting Files */,
			);
			name = Application;
			path = Sequences;
			sourceTree = "<group>";
		};
		164749AB1B15937600B01DAD /* Supporting Files */ = {
			isa = PBXGroup;
			children = (
				164749AC1B15937600B01DAD /* Info.plist */,
			);
			name = "Supporting Files";
			sourceTree = "<group>";
		};
		164749BB1B15937600B01DAD /* Tests */ = {
			isa = PBXGroup;
			children = (
				164749BE1B15937600B01DAD /* SequencesTests.swift */,
				164749BC1B15937600B01DAD /* Supporting Files */,
			);
			name = Tests;
			path = SequencesTests;
			sourceTree = "<group>";
		};
		164749BC1B15937600B01DAD /* Supporting Files */ = {
			isa = PBXGroup;
			children = (
				164749BD1B15937600B01DAD /* Info.plist */,
			);
			name = "Supporting Files";
			sourceTree = "<group>";
		};
		16CF8E801B1757F1005AB3E1 /* Explicit */ = {
			isa = PBXGroup;
			children = (
				16EE79FA1B17D6650071F863 /* A001057.swift */,
				16CF8E7E1B1755AF005AB3E1 /* A056239.swift */,
			);
			name = Explicit;
			sourceTree = "<group>";
		};
		16CF8E811B1757FE005AB3E1 /* Recursive */ = {
			isa = PBXGroup;
			children = (
				16CEFF341B165F270064A622 /* A000002.swift */,
				169831811B17668600E70B2F /* A000040.swift */,
				16EE79F81B17CE730071F863 /* A000045.swift */,
				16FE9CE91B174E580015CC76 /* A004718.swift */,
				1634EDE11B162892001F7456 /* A181391.swift */,
				16CEFF361B1668D50064A622 /* A244471.swift */,
			);
			name = Recursive;
			sourceTree = "<group>";
		};
		16EE79F31B17B99D0071F863 /* Infinite */ = {
			isa = PBXGroup;
			children = (
				16CF8E811B1757FE005AB3E1 /* Recursive */,
				16CF8E801B1757F1005AB3E1 /* Explicit */,
			);
			name = Infinite;
			sourceTree = "<group>";
		};
		16EE79F41B17B9A20071F863 /* Finite */ = {
			isa = PBXGroup;
			children = (
				16EE79F51B17BA3C0071F863 /* Recursive */,
			);
			name = Finite;
			sourceTree = "<group>";
		};
		16EE79F51B17BA3C0071F863 /* Recursive */ = {
			isa = PBXGroup;
			children = (
				169831851B17871200E70B2F /* A121805.swift */,
			);
			name = Recursive;
			sourceTree = "<group>";
		};
		16EFC87C1B10BA06004F3443 = {
			isa = PBXGroup;
			children = (
				164749AD1B15937600B01DAD /* AppDelegate.swift */,
				164749AA1B15937600B01DAD /* Application */,
				16EFC8871B10BA06004F3443 /* Sequences */,
				164749BB1B15937600B01DAD /* Tests */,
				1634EDE31B1628BF001F7456 /* Frameworks */,
				16EFC8861B10BA06004F3443 /* Products */,
			);
			sourceTree = "<group>";
		};
		16EFC8861B10BA06004F3443 /* Products */ = {
			isa = PBXGroup;
			children = (
				164749A91B15937600B01DAD /* Sequences.app */,
				164749B81B15937600B01DAD /* SequencesTests.xctest */,
			);
			name = Products;
			sourceTree = "<group>";
		};
		16EFC8871B10BA06004F3443 /* Sequences */ = {
			isa = PBXGroup;
			children = (
				16EFC8881B10BA06004F3443 /* main.swift */,
				1634EDE51B162946001F7456 /* IntegerSequence.swift */,
				16EE79F61B17BF370071F863 /* BasicSequencePrinter.swift */,
				16EE79F31B17B99D0071F863 /* Infinite */,
				16EE79F41B17B9A20071F863 /* Finite */,
				1634EDE41B1628F8001F7456 /* Common */,
				16CEFF381B1669710064A622 /* sequence_template */,
			);
			path = Sequences;
			sourceTree = "<group>";
		};
/* End PBXGroup section */

/* Begin PBXNativeTarget section */
		164749A81B15937600B01DAD /* Sequences */ = {
			isa = PBXNativeTarget;
			buildConfigurationList = 164749C01B15937600B01DAD /* Build configuration list for PBXNativeTarget "Sequences" */;
			buildPhases = (
				164749A51B15937600B01DAD /* Sources */,
				164749A61B15937600B01DAD /* Frameworks */,
				164749A71B15937600B01DAD /* Resources */,
			);
			buildRules = (
			);
			dependencies = (
			);
			name = Sequences;
			productName = Sequences;
			productReference = 164749A91B15937600B01DAD /* Sequences.app */;
			productType = "com.apple.product-type.application";
		};
		164749B71B15937600B01DAD /* SequencesTests */ = {
			isa = PBXNativeTarget;
			buildConfigurationList = 164749C31B15937600B01DAD /* Build configuration list for PBXNativeTarget "SequencesTests" */;
			buildPhases = (
				164749B41B15937600B01DAD /* Sources */,
				164749B51B15937600B01DAD /* Frameworks */,
				164749B61B15937600B01DAD /* Resources */,
			);
			buildRules = (
			);
			dependencies = (
				164749BA1B15937600B01DAD /* PBXTargetDependency */,
			);
			name = SequencesTests;
			productName = SequencesTests;
			productReference = 164749B81B15937600B01DAD /* SequencesTests.xctest */;
			productType = "com.apple.product-type.bundle.unit-test";
		};
/* End PBXNativeTarget section */

/* Begin PBXProject section */
		16EFC87D1B10BA06004F3443 /* Project object */ = {
			isa = PBXProject;
			attributes = {
				LastUpgradeCheck = 0630;
				ORGANIZATIONNAME = Lidin;
				TargetAttributes = {
					164749A81B15937600B01DAD = {
						CreatedOnToolsVersion = 6.3.2;
					};
					164749B71B15937600B01DAD = {
						CreatedOnToolsVersion = 6.3.2;
						TestTargetID = 164749A81B15937600B01DAD;
					};
				};
			};
			buildConfigurationList = 16EFC8801B10BA06004F3443 /* Build configuration list for PBXProject "Sequences" */;
			compatibilityVersion = "Xcode 3.2";
			developmentRegion = English;
			hasScannedForEncodings = 0;
			knownRegions = (
				en,
				Base,
			);
			mainGroup = 16EFC87C1B10BA06004F3443;
			productRefGroup = 16EFC8861B10BA06004F3443 /* Products */;
			projectDirPath = "";
			projectRoot = "";
			targets = (
				164749A81B15937600B01DAD /* Sequences */,
				164749B71B15937600B01DAD /* SequencesTests */,
			);
		};
/* End PBXProject section */

/* Begin PBXResourcesBuildPhase section */
		164749A71B15937600B01DAD /* Resources */ = {
			isa = PBXResourcesBuildPhase;
			buildActionMask = 2147483647;
			files = (
				16CEFF391B1669710064A622 /* sequence_template in Resources */,
				164749B01B15937600B01DAD /* Images.xcassets in Resources */,
				164749B31B15937600B01DAD /* MainMenu.xib in Resources */,
			);
			runOnlyForDeploymentPostprocessing = 0;
		};
		164749B61B15937600B01DAD /* Resources */ = {
			isa = PBXResourcesBuildPhase;
			buildActionMask = 2147483647;
			files = (
			);
			runOnlyForDeploymentPostprocessing = 0;
		};
/* End PBXResourcesBuildPhase section */

/* Begin PBXSourcesBuildPhase section */
		164749A51B15937600B01DAD /* Sources */ = {
			isa = PBXSourcesBuildPhase;
			buildActionMask = 2147483647;
			files = (
				16EE79F71B17BF370071F863 /* BasicSequencePrinter.swift in Sources */,
				1634EDE61B162946001F7456 /* IntegerSequence.swift in Sources */,
				16EE79FB1B17D6650071F863 /* A001057.swift in Sources */,
				169831821B17668600E70B2F /* A000040.swift in Sources */,
				1634EDE21B162892001F7456 /* A181391.swift in Sources */,
				16CEFF371B1668D50064A622 /* A244471.swift in Sources */,
				169831861B17871200E70B2F /* A121805.swift in Sources */,
				16CEFF3B1B166D090064A622 /* Functions.swift in Sources */,
				164749C61B15937D00B01DAD /* main.swift in Sources */,
				16EE79F91B17CE730071F863 /* A000045.swift in Sources */,
				1634EDE91B163962001F7456 /* Protocols.swift in Sources */,
				16FE9CEA1B174E580015CC76 /* A004718.swift in Sources */,
				16CEFF351B165F270064A622 /* A000002.swift in Sources */,
				16CF8E7F1B1755AF005AB3E1 /* A056239.swift in Sources */,
			);
			runOnlyForDeploymentPostprocessing = 0;
		};
		164749B41B15937600B01DAD /* Sources */ = {
			isa = PBXSourcesBuildPhase;
			buildActionMask = 2147483647;
			files = (
				164749BF1B15937600B01DAD /* SequencesTests.swift in Sources */,
			);
			runOnlyForDeploymentPostprocessing = 0;
		};
/* End PBXSourcesBuildPhase section */

/* Begin PBXTargetDependency section */
		164749BA1B15937600B01DAD /* PBXTargetDependency */ = {
			isa = PBXTargetDependency;
			target = 164749A81B15937600B01DAD /* Sequences */;
			targetProxy = 164749B91B15937600B01DAD /* PBXContainerItemProxy */;
		};
/* End PBXTargetDependency section */

/* Begin PBXVariantGroup section */
		164749B11B15937600B01DAD /* MainMenu.xib */ = {
			isa = PBXVariantGroup;
			children = (
				164749B21B15937600B01DAD /* Base */,
			);
			name = MainMenu.xib;
			sourceTree = "<group>";
		};
/* End PBXVariantGroup section */

/* Begin XCBuildConfiguration section */
		164749C11B15937600B01DAD /* Debug */ = {
			isa = XCBuildConfiguration;
			buildSettings = {
				ASSETCATALOG_COMPILER_APPICON_NAME = AppIcon;
				CODE_SIGN_IDENTITY = "-";
				COMBINE_HIDPI_IMAGES = YES;
				FRAMEWORK_SEARCH_PATHS = (
					"$(inherited)",
					"$(USER_LIBRARY_DIR)/Developer/Xcode/DerivedData/Sequences-avjhzrvmeykgyucylzurdfhczjzz/Build/Products/Debug",
				);
				GCC_PREPROCESSOR_DEFINITIONS = (
					"DEBUG=1",
					"$(inherited)",
				);
				INFOPLIST_FILE = Sequences/Info.plist;
				LD_RUNPATH_SEARCH_PATHS = "$(inherited) @executable_path/../Frameworks";
				PRODUCT_NAME = "$(TARGET_NAME)";
			};
			name = Debug;
		};
		164749C21B15937600B01DAD /* Release */ = {
			isa = XCBuildConfiguration;
			buildSettings = {
				ASSETCATALOG_COMPILER_APPICON_NAME = AppIcon;
				CODE_SIGN_IDENTITY = "-";
				COMBINE_HIDPI_IMAGES = YES;
				FRAMEWORK_SEARCH_PATHS = (
					"$(inherited)",
					"$(USER_LIBRARY_DIR)/Developer/Xcode/DerivedData/Sequences-avjhzrvmeykgyucylzurdfhczjzz/Build/Products/Debug",
				);
				INFOPLIST_FILE = Sequences/Info.plist;
				LD_RUNPATH_SEARCH_PATHS = "$(inherited) @executable_path/../Frameworks";
				PRODUCT_NAME = "$(TARGET_NAME)";
			};
			name = Release;
		};
		164749C41B15937600B01DAD /* Debug */ = {
			isa = XCBuildConfiguration;
			buildSettings = {
				BUNDLE_LOADER = "$(TEST_HOST)";
				COMBINE_HIDPI_IMAGES = YES;
				FRAMEWORK_SEARCH_PATHS = (
					"$(DEVELOPER_FRAMEWORKS_DIR)",
					"$(inherited)",
				);
				GCC_PREPROCESSOR_DEFINITIONS = (
					"DEBUG=1",
					"$(inherited)",
				);
				INFOPLIST_FILE = SequencesTests/Info.plist;
				LD_RUNPATH_SEARCH_PATHS = "$(inherited) @executable_path/../Frameworks @loader_path/../Frameworks";
				PRODUCT_NAME = "$(TARGET_NAME)";
				TEST_HOST = "$(BUILT_PRODUCTS_DIR)/Sequences.app/Contents/MacOS/Sequences";
			};
			name = Debug;
		};
		164749C51B15937600B01DAD /* Release */ = {
			isa = XCBuildConfiguration;
			buildSettings = {
				BUNDLE_LOADER = "$(TEST_HOST)";
				COMBINE_HIDPI_IMAGES = YES;
				FRAMEWORK_SEARCH_PATHS = (
					"$(DEVELOPER_FRAMEWORKS_DIR)",
					"$(inherited)",
				);
				INFOPLIST_FILE = SequencesTests/Info.plist;
				LD_RUNPATH_SEARCH_PATHS = "$(inherited) @executable_path/../Frameworks @loader_path/../Frameworks";
				PRODUCT_NAME = "$(TARGET_NAME)";
				TEST_HOST = "$(BUILT_PRODUCTS_DIR)/Sequences.app/Contents/MacOS/Sequences";
			};
			name = Release;
		};
		16EFC88A1B10BA06004F3443 /* Debug */ = {
			isa = XCBuildConfiguration;
			buildSettings = {
				ALWAYS_SEARCH_USER_PATHS = NO;
				CLANG_CXX_LANGUAGE_STANDARD = "gnu++0x";
				CLANG_CXX_LIBRARY = "libc++";
				CLANG_ENABLE_MODULES = YES;
				CLANG_ENABLE_OBJC_ARC = YES;
				CLANG_WARN_BOOL_CONVERSION = YES;
				CLANG_WARN_CONSTANT_CONVERSION = YES;
				CLANG_WARN_DIRECT_OBJC_ISA_USAGE = YES_ERROR;
				CLANG_WARN_EMPTY_BODY = YES;
				CLANG_WARN_ENUM_CONVERSION = YES;
				CLANG_WARN_INT_CONVERSION = YES;
				CLANG_WARN_OBJC_ROOT_CLASS = YES_ERROR;
				CLANG_WARN_UNREACHABLE_CODE = YES;
				CLANG_WARN__DUPLICATE_METHOD_MATCH = YES;
				COPY_PHASE_STRIP = NO;
				DEBUG_INFORMATION_FORMAT = dwarf;
				ENABLE_STRICT_OBJC_MSGSEND = YES;
				GCC_C_LANGUAGE_STANDARD = gnu99;
				GCC_DYNAMIC_NO_PIC = NO;
				GCC_NO_COMMON_BLOCKS = YES;
				GCC_OPTIMIZATION_LEVEL = 0;
				GCC_PREPROCESSOR_DEFINITIONS = (
					"DEBUG=1",
					"$(inherited)",
				);
				GCC_SYMBOLS_PRIVATE_EXTERN = NO;
				GCC_WARN_64_TO_32_BIT_CONVERSION = YES;
				GCC_WARN_ABOUT_RETURN_TYPE = YES_ERROR;
				GCC_WARN_UNDECLARED_SELECTOR = YES;
				GCC_WARN_UNINITIALIZED_AUTOS = YES_AGGRESSIVE;
				GCC_WARN_UNUSED_FUNCTION = YES;
				GCC_WARN_UNUSED_VARIABLE = YES;
				MACOSX_DEPLOYMENT_TARGET = 10.10;
				MTL_ENABLE_DEBUG_INFO = YES;
				ONLY_ACTIVE_ARCH = YES;
				SDKROOT = macosx;
				SWIFT_OPTIMIZATION_LEVEL = "-Onone";
			};
			name = Debug;
		};
		16EFC88B1B10BA06004F3443 /* Release */ = {
			isa = XCBuildConfiguration;
			buildSettings = {
				ALWAYS_SEARCH_USER_PATHS = NO;
				CLANG_CXX_LANGUAGE_STANDARD = "gnu++0x";
				CLANG_CXX_LIBRARY = "libc++";
				CLANG_ENABLE_MODULES = YES;
				CLANG_ENABLE_OBJC_ARC = YES;
				CLANG_WARN_BOOL_CONVERSION = YES;
				CLANG_WARN_CONSTANT_CONVERSION = YES;
				CLANG_WARN_DIRECT_OBJC_ISA_USAGE = YES_ERROR;
				CLANG_WARN_EMPTY_BODY = YES;
				CLANG_WARN_ENUM_CONVERSION = YES;
				CLANG_WARN_INT_CONVERSION = YES;
				CLANG_WARN_OBJC_ROOT_CLASS = YES_ERROR;
				CLANG_WARN_UNREACHABLE_CODE = YES;
				CLANG_WARN__DUPLICATE_METHOD_MATCH = YES;
				COPY_PHASE_STRIP = NO;
				DEBUG_INFORMATION_FORMAT = "dwarf-with-dsym";
				ENABLE_NS_ASSERTIONS = NO;
				ENABLE_STRICT_OBJC_MSGSEND = YES;
				GCC_C_LANGUAGE_STANDARD = gnu99;
				GCC_NO_COMMON_BLOCKS = YES;
				GCC_WARN_64_TO_32_BIT_CONVERSION = YES;
				GCC_WARN_ABOUT_RETURN_TYPE = YES_ERROR;
				GCC_WARN_UNDECLARED_SELECTOR = YES;
				GCC_WARN_UNINITIALIZED_AUTOS = YES_AGGRESSIVE;
				GCC_WARN_UNUSED_FUNCTION = YES;
				GCC_WARN_UNUSED_VARIABLE = YES;
				MACOSX_DEPLOYMENT_TARGET = 10.10;
				MTL_ENABLE_DEBUG_INFO = NO;
				SDKROOT = macosx;
			};
			name = Release;
		};
/* End XCBuildConfiguration section */

/* Begin XCConfigurationList section */
		164749C01B15937600B01DAD /* Build configuration list for PBXNativeTarget "Sequences" */ = {
			isa = XCConfigurationList;
			buildConfigurations = (
				164749C11B15937600B01DAD /* Debug */,
				164749C21B15937600B01DAD /* Release */,
			);
			defaultConfigurationIsVisible = 0;
			defaultConfigurationName = Release;
		};
		164749C31B15937600B01DAD /* Build configuration list for PBXNativeTarget "SequencesTests" */ = {
			isa = XCConfigurationList;
			buildConfigurations = (
				164749C41B15937600B01DAD /* Debug */,
				164749C51B15937600B01DAD /* Release */,
			);
			defaultConfigurationIsVisible = 0;
			defaultConfigurationName = Release;
		};
		16EFC8801B10BA06004F3443 /* Build configuration list for PBXProject "Sequences" */ = {
			isa = XCConfigurationList;
			buildConfigurations = (
				16EFC88A1B10BA06004F3443 /* Debug */,
				16EFC88B1B10BA06004F3443 /* Release */,
			);
			defaultConfigurationIsVisible = 0;
			defaultConfigurationName = Release;
		};
/* End XCConfigurationList section */
	};
	rootObject = 16EFC87D1B10BA06004F3443 /* Project object */;
}
